// !$*UTF8*$!
{
	archiveVersion = 1;
	classes = {
	};
	objectVersion = 46;
	objects = {

/* Begin PBXBuildFile section */
		920E807817022A4900273B78 /* bloom.fp in CopyFiles */ = {isa = PBXBuildFile; fileRef = 920E807717022A4600273B78 /* bloom.fp */; };
		928D622316FF53D400C35551 /* passThrough.fp in CopyFiles */ = {isa = PBXBuildFile; fileRef = 92AAFF4816FE718E00C1F985 /* passThrough.fp */; };
		928D622416FF53D500C35551 /* passThrough.vp in CopyFiles */ = {isa = PBXBuildFile; fileRef = 92AAFF4716FE716100C1F985 /* passThrough.vp */; };
		92AAFF4B16FE8B8800C1F985 /* OpenGL.framework in Frameworks */ = {isa = PBXBuildFile; fileRef = 92AAFF4A16FE8B8800C1F985 /* OpenGL.framework */; };
		92AAFF4D16FE8B8C00C1F985 /* GLUT.framework in Frameworks */ = {isa = PBXBuildFile; fileRef = 92AAFF4C16FE8B8C00C1F985 /* GLUT.framework */; };
		92AAFF5316FE967D00C1F985 /* RayTracer.c in Sources */ = {isa = PBXBuildFile; fileRef = 92AAFF5216FE967C00C1F985 /* RayTracer.c */; };
		92AAFF5516FE99A400C1F985 /* raycast.vp in CopyFiles */ = {isa = PBXBuildFile; fileRef = 92AAFF5116FE95EA00C1F985 /* raycast.vp */; };
		92AAFF5616FE99A900C1F985 /* raycast.fp in CopyFiles */ = {isa = PBXBuildFile; fileRef = 92AAFF5016FE95E300C1F985 /* raycast.fp */; };
		92AAFF5716FE99C500C1F985 /* ShaderUtil.c in Sources */ = {isa = PBXBuildFile; fileRef = 92AAFF4516FE712C00C1F985 /* ShaderUtil.c */; };
		92AAFF5916FEA1A500C1F985 /* GLUtil.c in Sources */ = {isa = PBXBuildFile; fileRef = 92AAFF5816FEA1A500C1F985 /* GLUtil.c */; };
/* End PBXBuildFile section */

/* Begin PBXCopyFilesBuildPhase section */
		92AAFF3616FE70B800C1F985 /* CopyFiles */ = {
			isa = PBXCopyFilesBuildPhase;
			buildActionMask = 12;
			dstPath = "";
			dstSubfolderSpec = 7;
			files = (
				92AAFF5516FE99A400C1F985 /* raycast.vp in CopyFiles */,
				92AAFF5616FE99A900C1F985 /* raycast.fp in CopyFiles */,
				920E807817022A4900273B78 /* bloom.fp in CopyFiles */,
				928D622416FF53D500C35551 /* passThrough.vp in CopyFiles */,
				928D622316FF53D400C35551 /* passThrough.fp in CopyFiles */,
			);
			runOnlyForDeploymentPostprocessing = 0;
		};
/* End PBXCopyFilesBuildPhase section */

/* Begin PBXFileReference section */
		920E807717022A4600273B78 /* bloom.fp */ = {isa = PBXFileReference; fileEncoding = 4; lastKnownFileType = text; path = bloom.fp; sourceTree = "<group>"; };
		92AAFF3816FE70B800C1F985 /* SimpleRayTracer */ = {isa = PBXFileReference; explicitFileType = "compiled.mach-o.executable"; includeInIndex = 0; path = SimpleRayTracer; sourceTree = BUILT_PRODUCTS_DIR; };
		92AAFF3D16FE70B800C1F985 /* SimpleRayTracer.1 */ = {isa = PBXFileReference; lastKnownFileType = text.man; path = SimpleRayTracer.1; sourceTree = "<group>"; };
		92AAFF4516FE712C00C1F985 /* ShaderUtil.c */ = {isa = PBXFileReference; fileEncoding = 4; lastKnownFileType = sourcecode.c.c; path = ShaderUtil.c; sourceTree = "<group>"; };
		92AAFF4716FE716100C1F985 /* passThrough.vp */ = {isa = PBXFileReference; lastKnownFileType = text; path = passThrough.vp; sourceTree = "<group>"; };
		92AAFF4816FE718E00C1F985 /* passThrough.fp */ = {isa = PBXFileReference; lastKnownFileType = text; path = passThrough.fp; sourceTree = "<group>"; };
		92AAFF4A16FE8B8800C1F985 /* OpenGL.framework */ = {isa = PBXFileReference; lastKnownFileType = wrapper.framework; name = OpenGL.framework; path = System/Library/Frameworks/OpenGL.framework; sourceTree = SDKROOT; };
		92AAFF4C16FE8B8C00C1F985 /* GLUT.framework */ = {isa = PBXFileReference; lastKnownFileType = wrapper.framework; name = GLUT.framework; path = System/Library/Frameworks/GLUT.framework; sourceTree = SDKROOT; };
		92AAFF4E16FE8BAD00C1F985 /* SimpleGLWindow.c */ = {isa = PBXFileReference; fileEncoding = 4; lastKnownFileType = sourcecode.c.c; path = SimpleGLWindow.c; sourceTree = "<group>"; };
		92AAFF5016FE95E300C1F985 /* raycast.fp */ = {isa = PBXFileReference; lastKnownFileType = text; path = raycast.fp; sourceTree = "<group>"; };
		92AAFF5116FE95EA00C1F985 /* raycast.vp */ = {isa = PBXFileReference; lastKnownFileType = text; path = raycast.vp; sourceTree = "<group>"; };
		92AAFF5216FE967C00C1F985 /* RayTracer.c */ = {isa = PBXFileReference; fileEncoding = 4; lastKnownFileType = sourcecode.c.c; path = RayTracer.c; sourceTree = "<group>"; };
		92AAFF5416FE97E100C1F985 /* ShaderUtil.h */ = {isa = PBXFileReference; lastKnownFileType = sourcecode.c.h; path = ShaderUtil.h; sourceTree = "<group>"; };
		92AAFF5816FEA1A500C1F985 /* GLUtil.c */ = {isa = PBXFileReference; fileEncoding = 4; lastKnownFileType = sourcecode.c.c; path = GLUtil.c; sourceTree = "<group>"; };
		92AAFF5A16FEA1B900C1F985 /* GLUtil.h */ = {isa = PBXFileReference; lastKnownFileType = sourcecode.c.h; path = GLUtil.h; sourceTree = "<group>"; };
		92AAFF5B16FEA6BE00C1F985 /* RayTracer.h */ = {isa = PBXFileReference; fileEncoding = 4; lastKnownFileType = sourcecode.c.h; path = RayTracer.h; sourceTree = "<group>"; };
/* End PBXFileReference section */

/* Begin PBXFrameworksBuildPhase section */
		92AAFF3516FE70B800C1F985 /* Frameworks */ = {
			isa = PBXFrameworksBuildPhase;
			buildActionMask = 2147483647;
			files = (
				92AAFF4D16FE8B8C00C1F985 /* GLUT.framework in Frameworks */,
				92AAFF4B16FE8B8800C1F985 /* OpenGL.framework in Frameworks */,
			);
			runOnlyForDeploymentPostprocessing = 0;
		};
/* End PBXFrameworksBuildPhase section */

/* Begin PBXGroup section */
		92AAFF2F16FE70B800C1F985 = {
			isa = PBXGroup;
			children = (
				92AAFF4C16FE8B8C00C1F985 /* GLUT.framework */,
				92AAFF4A16FE8B8800C1F985 /* OpenGL.framework */,
				92AAFF3A16FE70B800C1F985 /* SimpleRayTracer */,
				92AAFF3916FE70B800C1F985 /* Products */,
			);
			sourceTree = "<group>";
		};
		92AAFF3916FE70B800C1F985 /* Products */ = {
			isa = PBXGroup;
			children = (
				92AAFF3816FE70B800C1F985 /* SimpleRayTracer */,
			);
			name = Products;
			sourceTree = "<group>";
		};
		92AAFF3A16FE70B800C1F985 /* SimpleRayTracer */ = {
			isa = PBXGroup;
			children = (
				92AAFF5216FE967C00C1F985 /* RayTracer.c */,
				92AAFF5B16FEA6BE00C1F985 /* RayTracer.h */,
				92AAFF5816FEA1A500C1F985 /* GLUtil.c */,
				92AAFF5A16FEA1B900C1F985 /* GLUtil.h */,
				92AAFF4E16FE8BAD00C1F985 /* SimpleGLWindow.c */,
				92AAFF4416FE711A00C1F985 /* shader */,
				92AAFF3D16FE70B800C1F985 /* SimpleRayTracer.1 */,
			);
			path = SimpleRayTracer;
			sourceTree = "<group>";
		};
		92AAFF4416FE711A00C1F985 /* shader */ = {
			isa = PBXGroup;
			children = (
				92AAFF5116FE95EA00C1F985 /* raycast.vp */,
				92AAFF5016FE95E300C1F985 /* raycast.fp */,
				92AAFF4816FE718E00C1F985 /* passThrough.fp */,
				92AAFF4716FE716100C1F985 /* passThrough.vp */,
				92AAFF4516FE712C00C1F985 /* ShaderUtil.c */,
				92AAFF5416FE97E100C1F985 /* ShaderUtil.h */,
				920E807717022A4600273B78 /* bloom.fp */,
			);
			name = shader;
			sourceTree = "<group>";
		};
/* End PBXGroup section */

/* Begin PBXNativeTarget section */
		92AAFF3716FE70B800C1F985 /* SimpleRayTracer */ = {
			isa = PBXNativeTarget;
			buildConfigurationList = 92AAFF4116FE70B800C1F985 /* Build configuration list for PBXNativeTarget "SimpleRayTracer" */;
			buildPhases = (
				92AAFF3416FE70B800C1F985 /* Sources */,
				92AAFF3516FE70B800C1F985 /* Frameworks */,
				92AAFF3616FE70B800C1F985 /* CopyFiles */,
			);
			buildRules = (
			);
			dependencies = (
			);
			name = SimpleRayTracer;
			productName = SimpleRayTracer;
			productReference = 92AAFF3816FE70B800C1F985 /* SimpleRayTracer */;
			productType = "com.apple.product-type.tool";
		};
/* End PBXNativeTarget section */

/* Begin PBXProject section */
		92AAFF3016FE70B800C1F985 /* Project object */ = {
			isa = PBXProject;
			attributes = {
				LastUpgradeCheck = 0460;
				ORGANIZATIONNAME = "Emmanuel Piuze-Phaneuf";
			};
			buildConfigurationList = 92AAFF3316FE70B800C1F985 /* Build configuration list for PBXProject "SimpleRayTracer" */;
			compatibilityVersion = "Xcode 3.2";
			developmentRegion = English;
			hasScannedForEncodings = 0;
			knownRegions = (
				en,
			);
			mainGroup = 92AAFF2F16FE70B800C1F985;
			productRefGroup = 92AAFF3916FE70B800C1F985 /* Products */;
			projectDirPath = "";
			projectRoot = "";
			targets = (
				92AAFF3716FE70B800C1F985 /* SimpleRayTracer */,
			);
		};
/* End PBXProject section */

/* Begin PBXSourcesBuildPhase section */
		92AAFF3416FE70B800C1F985 /* Sources */ = {
			isa = PBXSourcesBuildPhase;
			buildActionMask = 2147483647;
			files = (
				92AAFF5316FE967D00C1F985 /* RayTracer.c in Sources */,
				92AAFF5716FE99C500C1F985 /* ShaderUtil.c in Sources */,
				92AAFF5916FEA1A500C1F985 /* GLUtil.c in Sources */,
			);
			runOnlyForDeploymentPostprocessing = 0;
		};
/* End PBXSourcesBuildPhase section */

/* Begin XCBuildConfiguration section */
		92AAFF3F16FE70B800C1F985 /* Debug */ = {
			isa = XCBuildConfiguration;
			buildSettings = {
				ALWAYS_SEARCH_USER_PATHS = NO;
				ARCHS = "$(ARCHS_STANDARD_64_BIT)";
				CLANG_CXX_LANGUAGE_STANDARD = "gnu++0x";
				CLANG_CXX_LIBRARY = "libc++";
				CLANG_ENABLE_OBJC_ARC = YES;
				CLANG_WARN_CONSTANT_CONVERSION = YES;
				CLANG_WARN_EMPTY_BODY = YES;
				CLANG_WARN_ENUM_CONVERSION = YES;
				CLANG_WARN_INT_CONVERSION = YES;
				CLANG_WARN__DUPLICATE_METHOD_MATCH = YES;
				COPY_PHASE_STRIP = NO;
				GCC_C_LANGUAGE_STANDARD = gnu99;
				GCC_DYNAMIC_NO_PIC = NO;
				GCC_ENABLE_OBJC_EXCEPTIONS = YES;
				GCC_OPTIMIZATION_LEVEL = 0;
				GCC_PREPROCESSOR_DEFINITIONS = (
					"DEBUG=1",
					"$(inherited)",
				);
				GCC_SYMBOLS_PRIVATE_EXTERN = NO;
				GCC_WARN_64_TO_32_BIT_CONVERSION = YES;
				GCC_WARN_ABOUT_RETURN_TYPE = YES;
				GCC_WARN_UNINITIALIZED_AUTOS = YES;
				GCC_WARN_UNUSED_VARIABLE = YES;
				MACOSX_DEPLOYMENT_TARGET = 10.8;
				ONLY_ACTIVE_ARCH = YES;
				SDKROOT = macosx;
			};
			name = Debug;
		};
		92AAFF4016FE70B800C1F985 /* Release */ = {
			isa = XCBuildConfiguration;
			buildSettings = {
				ALWAYS_SEARCH_USER_PATHS = NO;
				ARCHS = "$(ARCHS_STANDARD_64_BIT)";
				CLANG_CXX_LANGUAGE_STANDARD = "gnu++0x";
				CLANG_CXX_LIBRARY = "libc++";
				CLANG_ENABLE_OBJC_ARC = YES;
				CLANG_WARN_CONSTANT_CONVERSION = YES;
				CLANG_WARN_EMPTY_BODY = YES;
				CLANG_WARN_ENUM_CONVERSION = YES;
				CLANG_WARN_INT_CONVERSION = YES;
				CLANG_WARN__DUPLICATE_METHOD_MATCH = YES;
				COPY_PHASE_STRIP = YES;
				DEBUG_INFORMATION_FORMAT = "dwarf-with-dsym";
				GCC_C_LANGUAGE_STANDARD = gnu99;
				GCC_ENABLE_OBJC_EXCEPTIONS = YES;
				GCC_WARN_64_TO_32_BIT_CONVERSION = YES;
				GCC_WARN_ABOUT_RETURN_TYPE = YES;
				GCC_WARN_UNINITIALIZED_AUTOS = YES;
				GCC_WARN_UNUSED_VARIABLE = YES;
				MACOSX_DEPLOYMENT_TARGET = 10.8;
				SDKROOT = macosx;
			};
			name = Release;
		};
		92AAFF4216FE70B800C1F985 /* Debug */ = {
			isa = XCBuildConfiguration;
			buildSettings = {
				MACOSX_DEPLOYMENT_TARGET = 10.7;
				PRODUCT_NAME = "$(TARGET_NAME)";
			};
			name = Debug;
		};
		92AAFF4316FE70B800C1F985 /* Release */ = {
			isa = XCBuildConfiguration;
			buildSettings = {
				MACOSX_DEPLOYMENT_TARGET = 10.7;
				PRODUCT_NAME = "$(TARGET_NAME)";
			};
			name = Release;
		};
/* End XCBuildConfiguration section */

/* Begin XCConfigurationList section */
		92AAFF3316FE70B800C1F985 /* Build configuration list for PBXProject "SimpleRayTracer" */ = {
			isa = XCConfigurationList;
			buildConfigurations = (
				92AAFF3F16FE70B800C1F985 /* Debug */,
				92AAFF4016FE70B800C1F985 /* Release */,
			);
			defaultConfigurationIsVisible = 0;
			defaultConfigurationName = Release;
		};
		92AAFF4116FE70B800C1F985 /* Build configuration list for PBXNativeTarget "SimpleRayTracer" */ = {
			isa = XCConfigurationList;
			buildConfigurations = (
				92AAFF4216FE70B800C1F985 /* Debug */,
				92AAFF4316FE70B800C1F985 /* Release */,
			);
			defaultConfigurationIsVisible = 0;
			defaultConfigurationName = Release;
		};
/* End XCConfigurationList section */
	};
	rootObject = 92AAFF3016FE70B800C1F985 /* Project object */;
}
